
Microsoft Visual Studio Solution File, Format Version 12.00
# Visual Studio Version 16
VisualStudioVersion = 16.0.32602.291
MinimumVisualStudioVersion = 10.0.40219.1
Project("{FAE04EC0-301F-11D3-BF4B-00C04F79EFBC}") = "Encapsulation", "Encapsulation.csproj", "{A98451E7-1D6D-44CB-83BD-A0EC12DBD33E}"
EndProject
Global
	GlobalSection(SolutionConfigurationPlatforms) = preSolution
		Debug|Any CPU = Debug|Any CPU
		Release|Any CPU = Release|Any CPU
	EndGlobalSection
	GlobalSection(ProjectConfigurationPlatforms) = postSolution
		{A98451E7-1D6D-44CB-83BD-A0EC12DBD33E}.Debug|Any CPU.ActiveCfg = Debug|Any CPU
		{A98451E7-1D6D-44CB-83BD-A0EC12DBD33E}.Debug|Any CPU.Build.0 = Debug|Any CPU
		{A98451E7-1D6D-44CB-83BD-A0EC12DBD33E}.Release|Any CPU.ActiveCfg = Release|Any CPU
		{A98451E7-1D6D-44CB-83BD-A0EC12DBD33E}.Release|Any CPU.Build.0 = Release|Any CPU
	EndGlobalSection
	GlobalSection(SolutionProperties) = preSolution
		HideSolutionNode = FALSE
	EndGlobalSection
	GlobalSection(ExtensibilityGlobals) = postSolution
		SolutionGuid = {DE24641C-6A2F-403E-A85F-6DE8D7FF1773}
	EndGlobalSection
EndGlobal
