
Microsoft Visual Studio Solution File, Format Version 12.00
# Visual Studio Version 16
VisualStudioVersion = 16.0.32602.291
MinimumVisualStudioVersion = 10.0.40219.1
Project("{FAE04EC0-301F-11D3-BF4B-00C04F79EFBC}") = "Ex_4", "Ex_4.csproj", "{FA941352-198B-4FBC-8434-76B75AD8FE78}"
EndProject
Global
	GlobalSection(SolutionConfigurationPlatforms) = preSolution
		Debug|Any CPU = Debug|Any CPU
		Release|Any CPU = Release|Any CPU
	EndGlobalSection
	GlobalSection(ProjectConfigurationPlatforms) = postSolution
		{FA941352-198B-4FBC-8434-76B75AD8FE78}.Debug|Any CPU.ActiveCfg = Debug|Any CPU
		{FA941352-198B-4FBC-8434-76B75AD8FE78}.Debug|Any CPU.Build.0 = Debug|Any CPU
		{FA941352-198B-4FBC-8434-76B75AD8FE78}.Release|Any CPU.ActiveCfg = Release|Any CPU
		{FA941352-198B-4FBC-8434-76B75AD8FE78}.Release|Any CPU.Build.0 = Release|Any CPU
	EndGlobalSection
	GlobalSection(SolutionProperties) = preSolution
		HideSolutionNode = FALSE
	EndGlobalSection
	GlobalSection(ExtensibilityGlobals) = postSolution
		SolutionGuid = {E322F5F6-5AF1-44D4-A0AC-9004B3B3033E}
	EndGlobalSection
EndGlobal
