
Microsoft Visual Studio Solution File, Format Version 12.00
# Visual Studio Version 16
VisualStudioVersion = 16.0.32602.291
MinimumVisualStudioVersion = 10.0.40219.1
Project("{FAE04EC0-301F-11D3-BF4B-00C04F79EFBC}") = "I1P622_Lempereur", "I1P622_Lempereur.csproj", "{CC2EBD48-60E5-422C-AD6D-0380BFFF40EA}"
EndProject
Global
	GlobalSection(SolutionConfigurationPlatforms) = preSolution
		Debug|Any CPU = Debug|Any CPU
		Release|Any CPU = Release|Any CPU
	EndGlobalSection
	GlobalSection(ProjectConfigurationPlatforms) = postSolution
		{CC2EBD48-60E5-422C-AD6D-0380BFFF40EA}.Debug|Any CPU.ActiveCfg = Debug|Any CPU
		{CC2EBD48-60E5-422C-AD6D-0380BFFF40EA}.Debug|Any CPU.Build.0 = Debug|Any CPU
		{CC2EBD48-60E5-422C-AD6D-0380BFFF40EA}.Release|Any CPU.ActiveCfg = Release|Any CPU
		{CC2EBD48-60E5-422C-AD6D-0380BFFF40EA}.Release|Any CPU.Build.0 = Release|Any CPU
	EndGlobalSection
	GlobalSection(SolutionProperties) = preSolution
		HideSolutionNode = FALSE
	EndGlobalSection
	GlobalSection(ExtensibilityGlobals) = postSolution
		SolutionGuid = {BF145D1A-3BEE-4A1F-BBE2-05AA12AADD1B}
	EndGlobalSection
EndGlobal
