
Microsoft Visual Studio Solution File, Format Version 12.00
# Visual Studio Version 16
VisualStudioVersion = 16.0.32602.291
MinimumVisualStudioVersion = 10.0.40219.1
Project("{FAE04EC0-301F-11D3-BF4B-00C04F79EFBC}") = "PremiereTestBD", "PremiereTestBD.csproj", "{B272F52A-D956-4200-B47F-A1364E9EE912}"
EndProject
Global
	GlobalSection(SolutionConfigurationPlatforms) = preSolution
		Debug|Any CPU = Debug|Any CPU
		Release|Any CPU = Release|Any CPU
	EndGlobalSection
	GlobalSection(ProjectConfigurationPlatforms) = postSolution
		{B272F52A-D956-4200-B47F-A1364E9EE912}.Debug|Any CPU.ActiveCfg = Debug|Any CPU
		{B272F52A-D956-4200-B47F-A1364E9EE912}.Debug|Any CPU.Build.0 = Debug|Any CPU
		{B272F52A-D956-4200-B47F-A1364E9EE912}.Release|Any CPU.ActiveCfg = Release|Any CPU
		{B272F52A-D956-4200-B47F-A1364E9EE912}.Release|Any CPU.Build.0 = Release|Any CPU
	EndGlobalSection
	GlobalSection(SolutionProperties) = preSolution
		HideSolutionNode = FALSE
	EndGlobalSection
	GlobalSection(ExtensibilityGlobals) = postSolution
		SolutionGuid = {5DC8A0D9-03ED-4690-9DF5-FA7190D8DDB2}
	EndGlobalSection
EndGlobal
