
Microsoft Visual Studio Solution File, Format Version 12.00
# Visual Studio Version 16
VisualStudioVersion = 16.0.32602.291
MinimumVisualStudioVersion = 10.0.40219.1
Project("{FAE04EC0-301F-11D3-BF4B-00C04F79EFBC}") = "Exercice3_Heritage", "Exercice3_Heritage.csproj", "{3816B5DF-7689-420C-A1CA-DA7D9E9044F3}"
EndProject
Global
	GlobalSection(SolutionConfigurationPlatforms) = preSolution
		Debug|Any CPU = Debug|Any CPU
		Release|Any CPU = Release|Any CPU
	EndGlobalSection
	GlobalSection(ProjectConfigurationPlatforms) = postSolution
		{3816B5DF-7689-420C-A1CA-DA7D9E9044F3}.Debug|Any CPU.ActiveCfg = Debug|Any CPU
		{3816B5DF-7689-420C-A1CA-DA7D9E9044F3}.Debug|Any CPU.Build.0 = Debug|Any CPU
		{3816B5DF-7689-420C-A1CA-DA7D9E9044F3}.Release|Any CPU.ActiveCfg = Release|Any CPU
		{3816B5DF-7689-420C-A1CA-DA7D9E9044F3}.Release|Any CPU.Build.0 = Release|Any CPU
	EndGlobalSection
	GlobalSection(SolutionProperties) = preSolution
		HideSolutionNode = FALSE
	EndGlobalSection
	GlobalSection(ExtensibilityGlobals) = postSolution
		SolutionGuid = {17267358-0398-4F6A-80B0-E420855EC8BD}
	EndGlobalSection
EndGlobal
